{
  "object": {
    "pins": [
      {
        "package": "Drops",
        "repositoryURL": "https://github.com/omaralbeik/Drops.git",
        "state": {
          "branch": null,
          "revision": "5bb17db61630bd64a1d4adfae8009049b548d8e6",
          "version": "1.5.0"
        }
      },
      {
        "package": "SwiftVB",
        "repositoryURL": "https://github.com/1998code/SwiftVBKit.git",
        "state": {
          "branch": null,
          "revision": "efd706f9b2522cb8f08c75a012c3c5478757379c",
          "version": "1.4.0"
        }
      }
    ]
  },
  "version": 1
}
