{
  "object": {
    "pins": [
      {
        "package": "SwiftVB",
        "repositoryURL": "https://github.com/1998code/SwiftVBKit.git",
        "state": {
          "branch": null,
          "revision": "543bc94e95f2e2c96059d7267dcb9b61f4b4619a",
          "version": "1.3.0"
        }
      }
    ]
  },
  "version": 1
}
