// !$*UTF8*$!
{
	archiveVersion = 1;
	classes = {
	};
	objectVersion = 70;
	objects = {

/* Begin PBXBuildFile section */
		3A23CAF52A3AC05C0099CC42 /* SwiftNEW in Frameworks */ = {isa = PBXBuildFile; productRef = 3A23CAF42A3AC05C0099CC42 /* SwiftNEW */; };
		3A41E612302A7FD9008FF169 /* Watch Watch App.app in Embed Watch Content */ = {isa = PBXBuildFile; fileRef = 3A41E5F4302A7FD8008FF169 /* Watch Watch App.app */; platformFilter = ios; settings = {ATTRIBUTES = (RemoveHeadersOnCopy, ); }; };
		3A41E61D302A7FD9008FF169 /* SwiftNEW in Frameworks */ = {isa = PBXBuildFile; productRef = 3A41E620302A7FD9008FF169 /* SwiftNEW */; };
		3A41E61E302A7FD9008FF169 /* data.json in Resources */ = {isa = PBXBuildFile; fileRef = 3AE0026C2962DD540055979A /* data.json */; };
		3A41E61F302A7FD9008FF169 /* AppIcon.icon in Resources */ = {isa = PBXBuildFile; fileRef = 3A61B53A301F7D6B00DFD913 /* AppIcon.icon */; };
		3A41E622302A7FD9008FF169 /* ContentView+Previews.swift in Sources */ = {isa = PBXBuildFile; fileRef = 3A46CBBF285444CC00BE79A3 /* ContentView+Previews.swift */; };
		3A41E64B302A8925008FF169 /* ContentView.swift in Sources */ = {isa = PBXBuildFile; fileRef = 3A46CBB1285444CC00BE79A3 /* ContentView.swift */; };
		3A46CBB0285444CC00BE79A3 /* What_s_New_App.swift in Sources */ = {isa = PBXBuildFile; fileRef = 3A46CBAF285444CC00BE79A3 /* What_s_New_App.swift */; };
		3A46CBB2285444CC00BE79A3 /* ContentView.swift in Sources */ = {isa = PBXBuildFile; fileRef = 3A46CBB1285444CC00BE79A3 /* ContentView.swift */; };
		3A46CBB4285444CD00BE79A3 /* Assets.xcassets in Resources */ = {isa = PBXBuildFile; fileRef = 3A46CBB3285444CD00BE79A3 /* Assets.xcassets */; };
		3A46CBB8285444CD00BE79A3 /* Preview Assets.xcassets in Resources */ = {isa = PBXBuildFile; fileRef = 3A46CBB7285444CD00BE79A3 /* Preview Assets.xcassets */; };
		3A46CBBE285444CC00BE79A3 /* ContentView+Previews.swift in Sources */ = {isa = PBXBuildFile; fileRef = 3A46CBBF285444CC00BE79A3 /* ContentView+Previews.swift */; };
		3A61B53B301F7D6B00DFD913 /* AppIcon.icon in Resources */ = {isa = PBXBuildFile; fileRef = 3A61B53A301F7D6B00DFD913 /* AppIcon.icon */; };
		3AB7E09128630E380059EEFE /* SwiftNEW in Frameworks */ = {isa = PBXBuildFile; productRef = 3AB7E09028630E380059EEFE /* SwiftNEW */; };
		3AE0026A2962DD540055979A /* data.json in Resources */ = {isa = PBXBuildFile; fileRef = 3AE0026C2962DD540055979A /* data.json */; };
		CA7700013C00000000000001 /* CarPlayDemo.swift in Sources */ = {isa = PBXBuildFile; fileRef = CA7700023C00000000000002 /* CarPlayDemo.swift */; };
/* End PBXBuildFile section */

/* Begin PBXContainerItemProxy section */
		3A41E601302A7FD9008FF169 /* PBXContainerItemProxy */ = {
			isa = PBXContainerItemProxy;
			containerPortal = 3A46CBA4285444CC00BE79A3 /* Project object */;
			proxyType = 1;
			remoteGlobalIDString = 3A41E5F3302A7FD8008FF169;
			remoteInfo = "Watch Watch App";
		};
		3A41E60B302A7FD9008FF169 /* PBXContainerItemProxy */ = {
			isa = PBXContainerItemProxy;
			containerPortal = 3A46CBA4285444CC00BE79A3 /* Project object */;
			proxyType = 1;
			remoteGlobalIDString = 3A41E5F3302A7FD8008FF169;
			remoteInfo = "Watch Watch App";
		};
		3A41E610302A7FD9008FF169 /* PBXContainerItemProxy */ = {
			isa = PBXContainerItemProxy;
			containerPortal = 3A46CBA4285444CC00BE79A3 /* Project object */;
			proxyType = 1;
			remoteGlobalIDString = 3A41E5F3302A7FD8008FF169;
			remoteInfo = "Watch Watch App";
		};
/* End PBXContainerItemProxy section */

/* Begin PBXCopyFilesBuildPhase section */
		3A41E613302A7FD9008FF169 /* Embed Watch Content */ = {
			isa = PBXCopyFilesBuildPhase;
			buildActionMask = 2147483647;
			dstPath = "$(CONTENTS_FOLDER_PATH)/Watch";
			dstSubfolderSpec = 16;
			files = (
				3A41E612302A7FD9008FF169 /* Watch Watch App.app in Embed Watch Content */,
			);
			name = "Embed Watch Content";
			runOnlyForDeploymentPostprocessing = 0;
		};
/* End PBXCopyFilesBuildPhase section */

/* Begin PBXFileReference section */
		3A0E2D8B2FFAA63F00B762D0 /* es */ = {isa = PBXFileReference; lastKnownFileType = text.json; name = es; path = es.lproj/data.json; sourceTree = "<group>"; };
		3A0E2D8C2FFAA64800B762D0 /* fr */ = {isa = PBXFileReference; lastKnownFileType = text.json; name = fr; path = fr.lproj/data.json; sourceTree = "<group>"; };
		3A1D311B2DDA0F8900A67C5E /* ja */ = {isa = PBXFileReference; lastKnownFileType = text.json; name = ja; path = ja.lproj/data.json; sourceTree = "<group>"; };
		3A1D311C2DDA0F9000A67C5E /* ko */ = {isa = PBXFileReference; lastKnownFileType = text.json; name = ko; path = ko.lproj/data.json; sourceTree = "<group>"; };
		3A2BBE7B2D18129000A7CAF9 /* zh-Hans */ = {isa = PBXFileReference; lastKnownFileType = text.json; name = "zh-Hans"; path = "zh-Hans.lproj/data.json"; sourceTree = "<group>"; };
		3A41E5F4302A7FD8008FF169 /* Watch Watch App.app */ = {isa = PBXFileReference; explicitFileType = wrapper.application; includeInIndex = 0; path = "Watch Watch App.app"; sourceTree = BUILT_PRODUCTS_DIR; };
		3A41E600302A7FD9008FF169 /* Watch Watch AppTests.xctest */ = {isa = PBXFileReference; explicitFileType = wrapper.cfbundle; includeInIndex = 0; path = "Watch Watch AppTests.xctest"; sourceTree = BUILT_PRODUCTS_DIR; };
		3A41E60A302A7FD9008FF169 /* Watch Watch AppUITests.xctest */ = {isa = PBXFileReference; explicitFileType = wrapper.cfbundle; includeInIndex = 0; path = "Watch Watch AppUITests.xctest"; sourceTree = BUILT_PRODUCTS_DIR; };
		3A41E664302AC48F008FF169 /* ar */ = {isa = PBXFileReference; lastKnownFileType = text.json; name = ar; path = ar.lproj/data.json; sourceTree = "<group>"; };
		3A41E665302AC499008FF169 /* da */ = {isa = PBXFileReference; lastKnownFileType = text.json; name = da; path = da.lproj/data.json; sourceTree = "<group>"; };
		3A41E666302AC4A1008FF169 /* th */ = {isa = PBXFileReference; lastKnownFileType = text.json; name = th; path = th.lproj/data.json; sourceTree = "<group>"; };
		3A46CBAC285444CC00BE79A3 /* What's New?.app */ = {isa = PBXFileReference; explicitFileType = wrapper.application; includeInIndex = 0; path = "What's New?.app"; sourceTree = BUILT_PRODUCTS_DIR; };
		3A46CBAF285444CC00BE79A3 /* What_s_New_App.swift */ = {isa = PBXFileReference; lastKnownFileType = sourcecode.swift; path = What_s_New_App.swift; sourceTree = "<group>"; };
		3A46CBB1285444CC00BE79A3 /* ContentView.swift */ = {isa = PBXFileReference; lastKnownFileType = sourcecode.swift; path = ContentView.swift; sourceTree = "<group>"; };
		3A46CBB3285444CD00BE79A3 /* Assets.xcassets */ = {isa = PBXFileReference; lastKnownFileType = folder.assetcatalog; path = Assets.xcassets; sourceTree = "<group>"; };
		3A46CBB5285444CD00BE79A3 /* What_s_New_.entitlements */ = {isa = PBXFileReference; lastKnownFileType = text.plist.entitlements; path = What_s_New_.entitlements; sourceTree = "<group>"; };
		3A46CBB7285444CD00BE79A3 /* Preview Assets.xcassets */ = {isa = PBXFileReference; lastKnownFileType = folder.assetcatalog; path = "Preview Assets.xcassets"; sourceTree = "<group>"; };
		3A46CBBF285444CC00BE79A3 /* ContentView+Previews.swift */ = {isa = PBXFileReference; lastKnownFileType = sourcecode.swift; path = "ContentView+Previews.swift"; sourceTree = "<group>"; };
		3A46CBC4285447F600BE79A3 /* SwiftNEW */ = {isa = PBXFileReference; lastKnownFileType = wrapper; name = SwiftNEW; path = ../../../SwiftNEW; sourceTree = "<group>"; };
		3A999E5F2855A00100BE79A3 /* Signing.xcconfig */ = {isa = PBXFileReference; lastKnownFileType = text.xcconfig; name = Signing.xcconfig; path = Signing.xcconfig; sourceTree = SOURCE_ROOT; };
		3A61B53A301F7D6B00DFD913 /* AppIcon.icon */ = {isa = PBXFileReference; lastKnownFileType = folder.iconcomposer.icon; path = AppIcon.icon; sourceTree = "<group>"; };
		3A61B53C301F833200DFD913 /* he */ = {isa = PBXFileReference; lastKnownFileType = text.json; name = he; path = he.lproj/data.json; sourceTree = "<group>"; };
		3A61B53D301F833A00DFD913 /* de */ = {isa = PBXFileReference; lastKnownFileType = text.json; name = de; path = de.lproj/data.json; sourceTree = "<group>"; };
		3A61B53E301F834100DFD913 /* ru */ = {isa = PBXFileReference; lastKnownFileType = text.json; name = ru; path = ru.lproj/data.json; sourceTree = "<group>"; };
		3A61B53F301F834800DFD913 /* vi */ = {isa = PBXFileReference; lastKnownFileType = text.json; name = vi; path = vi.lproj/data.json; sourceTree = "<group>"; };
		3A61B540301F835400DFD913 /* id */ = {isa = PBXFileReference; lastKnownFileType = text.json; name = id; path = id.lproj/data.json; sourceTree = "<group>"; };
		3AE0026B2962DD540055979A /* en */ = {isa = PBXFileReference; lastKnownFileType = text.json; name = en; path = en.lproj/data.json; sourceTree = "<group>"; };
		3AE0026D2962DD810055979A /* zh-Hant */ = {isa = PBXFileReference; lastKnownFileType = text.json; name = "zh-Hant"; path = "zh-Hant.lproj/data.json"; sourceTree = "<group>"; };
		CA7700023C00000000000002 /* CarPlayDemo.swift */ = {isa = PBXFileReference; lastKnownFileType = sourcecode.swift; path = CarPlayDemo.swift; sourceTree = "<group>"; };
		CA7700033C00000000000003 /* What_s_New_CarPlay.entitlements */ = {isa = PBXFileReference; lastKnownFileType = text.plist.entitlements; path = What_s_New_CarPlay.entitlements; sourceTree = "<group>"; };
		CA7700043C00000000000004 /* CarPlayScene-Info.plist */ = {isa = PBXFileReference; lastKnownFileType = text.plist.xml; path = "CarPlayScene-Info.plist"; sourceTree = "<group>"; };
/* End PBXFileReference section */

/* Begin PBXFileSystemSynchronizedRootGroup section */
		3A41E5F5302A7FD8008FF169 /* Watch Watch App */ = {isa = PBXFileSystemSynchronizedRootGroup; explicitFileTypes = {}; explicitFolders = (); path = "Watch Watch App"; sourceTree = "<group>"; };
		3A41E603302A7FD9008FF169 /* Watch Watch AppTests */ = {isa = PBXFileSystemSynchronizedRootGroup; explicitFileTypes = {}; explicitFolders = (); path = "Watch Watch AppTests"; sourceTree = "<group>"; };
		3A41E60D302A7FD9008FF169 /* Watch Watch AppUITests */ = {isa = PBXFileSystemSynchronizedRootGroup; explicitFileTypes = {}; explicitFolders = (); path = "Watch Watch AppUITests"; sourceTree = "<group>"; };
/* End PBXFileSystemSynchronizedRootGroup section */

/* Begin PBXFrameworksBuildPhase section */
		3A41E5F1302A7FD8008FF169 /* Frameworks */ = {
			isa = PBXFrameworksBuildPhase;
			buildActionMask = 2147483647;
			files = (
				3A41E61D302A7FD9008FF169 /* SwiftNEW in Frameworks */,
			);
			runOnlyForDeploymentPostprocessing = 0;
		};
		3A41E5FD302A7FD9008FF169 /* Frameworks */ = {
			isa = PBXFrameworksBuildPhase;
			buildActionMask = 2147483647;
			files = (
			);
			runOnlyForDeploymentPostprocessing = 0;
		};
		3A41E607302A7FD9008FF169 /* Frameworks */ = {
			isa = PBXFrameworksBuildPhase;
			buildActionMask = 2147483647;
			files = (
			);
			runOnlyForDeploymentPostprocessing = 0;
		};
		3A46CBA9285444CC00BE79A3 /* Frameworks */ = {
			isa = PBXFrameworksBuildPhase;
			buildActionMask = 2147483647;
			files = (
				3AB7E09128630E380059EEFE /* SwiftNEW in Frameworks */,
				3A23CAF52A3AC05C0099CC42 /* SwiftNEW in Frameworks */,
			);
			runOnlyForDeploymentPostprocessing = 0;
		};
/* End PBXFrameworksBuildPhase section */

/* Begin PBXGroup section */
		3A46CBA3285444CC00BE79A3 = {
			isa = PBXGroup;
			children = (
				3A46CBAE285444CC00BE79A3 /* What's New? */,
				3A41E5F5302A7FD8008FF169 /* Watch Watch App */,
				3A41E603302A7FD9008FF169 /* Watch Watch AppTests */,
				3A41E60D302A7FD9008FF169 /* Watch Watch AppUITests */,
				3A46CBAD285444CC00BE79A3 /* Products */,
				3AB7E08F28630E380059EEFE /* Frameworks */,
			);
			sourceTree = "<group>";
		};
		3A46CBAD285444CC00BE79A3 /* Products */ = {
			isa = PBXGroup;
			children = (
				3A46CBAC285444CC00BE79A3 /* What's New?.app */,
				3A41E5F4302A7FD8008FF169 /* Watch Watch App.app */,
				3A41E600302A7FD9008FF169 /* Watch Watch AppTests.xctest */,
				3A41E60A302A7FD9008FF169 /* Watch Watch AppUITests.xctest */,
			);
			name = Products;
			sourceTree = "<group>";
		};
		3A46CBAE285444CC00BE79A3 /* What's New? */ = {
			isa = PBXGroup;
			children = (
				3A46CBAF285444CC00BE79A3 /* What_s_New_App.swift */,
				CA7700023C00000000000002 /* CarPlayDemo.swift */,
				3A46CBB1285444CC00BE79A3 /* ContentView.swift */,
				3A46CBBF285444CC00BE79A3 /* ContentView+Previews.swift */,
				3AE0026C2962DD540055979A /* data.json */,
				3A46CBB3285444CD00BE79A3 /* Assets.xcassets */,
				3A61B53A301F7D6B00DFD913 /* AppIcon.icon */,
				CA7700043C00000000000004 /* CarPlayScene-Info.plist */,
				CA7700033C00000000000003 /* What_s_New_CarPlay.entitlements */,
				3A46CBB5285444CD00BE79A3 /* What_s_New_.entitlements */,
				3A46CBB6285444CD00BE79A3 /* Preview Content */,
				3A999E5F2855A00100BE79A3 /* Signing.xcconfig */,
			);
			path = "What's New?";
			sourceTree = "<group>";
		};
		3A46CBB6285444CD00BE79A3 /* Preview Content */ = {
			isa = PBXGroup;
			children = (
				3A46CBC4285447F600BE79A3 /* SwiftNEW */,
				3A46CBB7285444CD00BE79A3 /* Preview Assets.xcassets */,
			);
			path = "Preview Content";
			sourceTree = "<group>";
		};
		3AB7E08F28630E380059EEFE /* Frameworks */ = {
			isa = PBXGroup;
			children = (
			);
			name = Frameworks;
			sourceTree = "<group>";
		};
/* End PBXGroup section */

/* Begin PBXNativeTarget section */
		3A41E5F3302A7FD8008FF169 /* Watch Watch App */ = {
			isa = PBXNativeTarget;
			buildConfigurationList = 3A41E61A302A7FD9008FF169 /* Build configuration list for PBXNativeTarget "Watch Watch App" */;
			buildPhases = (
				3A41E5F0302A7FD8008FF169 /* Sources */,
				3A41E5F1302A7FD8008FF169 /* Frameworks */,
				3A41E5F2302A7FD8008FF169 /* Resources */,
			);
			buildRules = (
			);
			dependencies = (
			);
			fileSystemSynchronizedGroups = (
				3A41E5F5302A7FD8008FF169 /* Watch Watch App */,
			);
			name = "Watch Watch App";
			packageProductDependencies = (
				3A41E620302A7FD9008FF169 /* SwiftNEW */,
			);
			productName = "Watch Watch App";
			productReference = 3A41E5F4302A7FD8008FF169 /* Watch Watch App.app */;
			productType = "com.apple.product-type.application";
		};
		3A41E5FF302A7FD9008FF169 /* Watch Watch AppTests */ = {
			isa = PBXNativeTarget;
			buildConfigurationList = 3A41E61B302A7FD9008FF169 /* Build configuration list for PBXNativeTarget "Watch Watch AppTests" */;
			buildPhases = (
				3A41E5FC302A7FD9008FF169 /* Sources */,
				3A41E5FD302A7FD9008FF169 /* Frameworks */,
				3A41E5FE302A7FD9008FF169 /* Resources */,
			);
			buildRules = (
			);
			dependencies = (
				3A41E602302A7FD9008FF169 /* PBXTargetDependency */,
			);
			fileSystemSynchronizedGroups = (
				3A41E603302A7FD9008FF169 /* Watch Watch AppTests */,
			);
			name = "Watch Watch AppTests";
			packageProductDependencies = (
			);
			productName = "Watch Watch AppTests";
			productReference = 3A41E600302A7FD9008FF169 /* Watch Watch AppTests.xctest */;
			productType = "com.apple.product-type.bundle.unit-test";
		};
		3A41E609302A7FD9008FF169 /* Watch Watch AppUITests */ = {
			isa = PBXNativeTarget;
			buildConfigurationList = 3A41E61C302A7FD9008FF169 /* Build configuration list for PBXNativeTarget "Watch Watch AppUITests" */;
			buildPhases = (
				3A41E606302A7FD9008FF169 /* Sources */,
				3A41E607302A7FD9008FF169 /* Frameworks */,
				3A41E608302A7FD9008FF169 /* Resources */,
			);
			buildRules = (
			);
			dependencies = (
				3A41E60C302A7FD9008FF169 /* PBXTargetDependency */,
			);
			fileSystemSynchronizedGroups = (
				3A41E60D302A7FD9008FF169 /* Watch Watch AppUITests */,
			);
			name = "Watch Watch AppUITests";
			packageProductDependencies = (
			);
			productName = "Watch Watch AppUITests";
			productReference = 3A41E60A302A7FD9008FF169 /* Watch Watch AppUITests.xctest */;
			productType = "com.apple.product-type.bundle.ui-testing";
		};
		3A46CBAB285444CC00BE79A3 /* What's New? */ = {
			isa = PBXNativeTarget;
			buildConfigurationList = 3A46CBBB285444CD00BE79A3 /* Build configuration list for PBXNativeTarget "What's New?" */;
			buildPhases = (
				3A46CBA8285444CC00BE79A3 /* Sources */,
				3A46CBA9285444CC00BE79A3 /* Frameworks */,
				3A46CBAA285444CC00BE79A3 /* Resources */,
				3A41E613302A7FD9008FF169 /* Embed Watch Content */,
			);
			buildRules = (
			);
			dependencies = (
				3A41E611302A7FD9008FF169 /* PBXTargetDependency */,
			);
			name = "What's New?";
			packageProductDependencies = (
				3AB7E09028630E380059EEFE /* SwiftNEW */,
				3A23CAF42A3AC05C0099CC42 /* SwiftNEW */,
			);
			productName = "What's New?";
			productReference = 3A46CBAC285444CC00BE79A3 /* What's New?.app */;
			productType = "com.apple.product-type.application";
		};
/* End PBXNativeTarget section */

/* Begin PBXProject section */
		3A46CBA4285444CC00BE79A3 /* Project object */ = {
			isa = PBXProject;
			attributes = {
				BuildIndependentTargetsInParallel = 1;
				LastSwiftUpdateCheck = 2700;
				LastUpgradeCheck = 1400;
				TargetAttributes = {
					3A41E5F3302A7FD8008FF169 = {
						CreatedOnToolsVersion = 27.0;
					};
					3A41E5FF302A7FD9008FF169 = {
						CreatedOnToolsVersion = 27.0;
						TestTargetID = 3A41E5F3302A7FD8008FF169;
					};
					3A41E609302A7FD9008FF169 = {
						CreatedOnToolsVersion = 27.0;
						TestTargetID = 3A41E5F3302A7FD8008FF169;
					};
					3A46CBAB285444CC00BE79A3 = {
						CreatedOnToolsVersion = 14.0;
					};
				};
			};
			buildConfigurationList = 3A46CBA7285444CC00BE79A3 /* Build configuration list for PBXProject "What's New?" */;
			compatibilityVersion = "Xcode 14.0";
			developmentRegion = en;
			hasScannedForEncodings = 0;
			knownRegions = (
				en,
				Base,
				"zh-Hant",
				"zh-Hans",
				ja,
				ko,
				es,
				fr,
				he,
				de,
				ru,
				vi,
				id,
				ar,
				da,
				th,
			);
			mainGroup = 3A46CBA3285444CC00BE79A3;
			packageReferences = (
				3A23CAF32A3AC05C0099CC42 /* XCLocalSwiftPackageReference ".." */,
			);
			productRefGroup = 3A46CBAD285444CC00BE79A3 /* Products */;
			projectDirPath = "";
			projectRoot = "";
			targets = (
				3A46CBAB285444CC00BE79A3 /* What's New? */,
				3A41E5F3302A7FD8008FF169 /* Watch Watch App */,
				3A41E5FF302A7FD9008FF169 /* Watch Watch AppTests */,
				3A41E609302A7FD9008FF169 /* Watch Watch AppUITests */,
			);
		};
/* End PBXProject section */

/* Begin PBXResourcesBuildPhase section */
		3A41E5F2302A7FD8008FF169 /* Resources */ = {
			isa = PBXResourcesBuildPhase;
			buildActionMask = 2147483647;
			files = (
				3A41E61F302A7FD9008FF169 /* AppIcon.icon in Resources */,
				3A41E61E302A7FD9008FF169 /* data.json in Resources */,
			);
			runOnlyForDeploymentPostprocessing = 0;
		};
		3A41E5FE302A7FD9008FF169 /* Resources */ = {
			isa = PBXResourcesBuildPhase;
			buildActionMask = 2147483647;
			files = (
			);
			runOnlyForDeploymentPostprocessing = 0;
		};
		3A41E608302A7FD9008FF169 /* Resources */ = {
			isa = PBXResourcesBuildPhase;
			buildActionMask = 2147483647;
			files = (
			);
			runOnlyForDeploymentPostprocessing = 0;
		};
		3A46CBAA285444CC00BE79A3 /* Resources */ = {
			isa = PBXResourcesBuildPhase;
			buildActionMask = 2147483647;
			files = (
				3A46CBB8285444CD00BE79A3 /* Preview Assets.xcassets in Resources */,
				3A61B53B301F7D6B00DFD913 /* AppIcon.icon in Resources */,
				3A46CBB4285444CD00BE79A3 /* Assets.xcassets in Resources */,
				3AE0026A2962DD540055979A /* data.json in Resources */,
			);
			runOnlyForDeploymentPostprocessing = 0;
		};
/* End PBXResourcesBuildPhase section */

/* Begin PBXSourcesBuildPhase section */
		3A41E5F0302A7FD8008FF169 /* Sources */ = {
			isa = PBXSourcesBuildPhase;
			buildActionMask = 2147483647;
			files = (
				3A41E622302A7FD9008FF169 /* ContentView+Previews.swift in Sources */,
				3A41E64B302A8925008FF169 /* ContentView.swift in Sources */,
			);
			runOnlyForDeploymentPostprocessing = 0;
		};
		3A41E5FC302A7FD9008FF169 /* Sources */ = {
			isa = PBXSourcesBuildPhase;
			buildActionMask = 2147483647;
			files = (
			);
			runOnlyForDeploymentPostprocessing = 0;
		};
		3A41E606302A7FD9008FF169 /* Sources */ = {
			isa = PBXSourcesBuildPhase;
			buildActionMask = 2147483647;
			files = (
			);
			runOnlyForDeploymentPostprocessing = 0;
		};
		3A46CBA8285444CC00BE79A3 /* Sources */ = {
			isa = PBXSourcesBuildPhase;
			buildActionMask = 2147483647;
			files = (
				CA7700013C00000000000001 /* CarPlayDemo.swift in Sources */,
				3A46CBB2285444CC00BE79A3 /* ContentView.swift in Sources */,
				3A46CBBE285444CC00BE79A3 /* ContentView+Previews.swift in Sources */,
				3A46CBB0285444CC00BE79A3 /* What_s_New_App.swift in Sources */,
			);
			runOnlyForDeploymentPostprocessing = 0;
		};
/* End PBXSourcesBuildPhase section */

/* Begin PBXTargetDependency section */
		3A41E602302A7FD9008FF169 /* PBXTargetDependency */ = {
			isa = PBXTargetDependency;
			target = 3A41E5F3302A7FD8008FF169 /* Watch Watch App */;
			targetProxy = 3A41E601302A7FD9008FF169 /* PBXContainerItemProxy */;
		};
		3A41E60C302A7FD9008FF169 /* PBXTargetDependency */ = {
			isa = PBXTargetDependency;
			target = 3A41E5F3302A7FD8008FF169 /* Watch Watch App */;
			targetProxy = 3A41E60B302A7FD9008FF169 /* PBXContainerItemProxy */;
		};
		3A41E611302A7FD9008FF169 /* PBXTargetDependency */ = {
			isa = PBXTargetDependency;
			platformFilter = ios;
			target = 3A41E5F3302A7FD8008FF169 /* Watch Watch App */;
			targetProxy = 3A41E610302A7FD9008FF169 /* PBXContainerItemProxy */;
		};
/* End PBXTargetDependency section */

/* Begin PBXVariantGroup section */
		3AE0026C2962DD540055979A /* data.json */ = {
			isa = PBXVariantGroup;
			children = (
				3AE0026B2962DD540055979A /* en */,
				3AE0026D2962DD810055979A /* zh-Hant */,
				3A2BBE7B2D18129000A7CAF9 /* zh-Hans */,
				3A1D311B2DDA0F8900A67C5E /* ja */,
				3A1D311C2DDA0F9000A67C5E /* ko */,
				3A0E2D8B2FFAA63F00B762D0 /* es */,
				3A0E2D8C2FFAA64800B762D0 /* fr */,
				3A61B53C301F833200DFD913 /* he */,
				3A61B53D301F833A00DFD913 /* de */,
				3A61B53E301F834100DFD913 /* ru */,
				3A61B53F301F834800DFD913 /* vi */,
				3A61B540301F835400DFD913 /* id */,
				3A41E664302AC48F008FF169 /* ar */,
				3A41E665302AC499008FF169 /* da */,
				3A41E666302AC4A1008FF169 /* th */,
			);
			name = data.json;
			sourceTree = "<group>";
		};
/* End PBXVariantGroup section */

/* Begin XCBuildConfiguration section */
		3A41E614302A7FD9008FF169 /* Debug */ = {
			isa = XCBuildConfiguration;
			baseConfigurationReference = 3A999E5F2855A00100BE79A3 /* Signing.xcconfig */;
			buildSettings = {
				ASSETCATALOG_COMPILER_APPICON_NAME = AppIcon;
				ASSETCATALOG_COMPILER_GENERATE_SWIFT_ASSET_SYMBOL_EXTENSIONS = YES;
				ASSETCATALOG_COMPILER_GLOBAL_ACCENT_COLOR_NAME = AccentColor;
				CLANG_CXX_LANGUAGE_STANDARD = "gnu++20";
				CODE_SIGN_STYLE = Automatic;
				CURRENT_PROJECT_VERSION = 22;
				ENABLE_PREVIEWS = YES;
				ENABLE_USER_SCRIPT_SANDBOXING = YES;
				GCC_C_LANGUAGE_STANDARD = gnu17;
				GENERATE_INFOPLIST_FILE = YES;
				INFOPLIST_KEY_CFBundleDisplayName = Watch;
				INFOPLIST_KEY_UISupportedInterfaceOrientations = "UIInterfaceOrientationPortrait UIInterfaceOrientationPortraitUpsideDown";
				INFOPLIST_KEY_WKCompanionAppBundleIdentifier = "$(DEMO_BUNDLE_ID)";
				LD_RUNPATH_SEARCH_PATHS = (
					"$(inherited)",
					"@executable_path/Frameworks",
				);
				LOCALIZATION_PREFERS_STRING_CATALOGS = YES;
				MARKETING_VERSION = 27.0;
				PRODUCT_BUNDLE_IDENTIFIER = "$(DEMO_BUNDLE_ID).watchkitapp";
				PRODUCT_NAME = "$(TARGET_NAME)";
				SDKROOT = watchos;
				SKIP_INSTALL = YES;
				STRING_CATALOG_GENERATE_SYMBOLS = YES;
				SWIFT_ACTIVE_COMPILATION_CONDITIONS = "DEBUG $(inherited)";
				SWIFT_APPROACHABLE_CONCURRENCY = YES;
				SWIFT_DEFAULT_ACTOR_ISOLATION = MainActor;
				SWIFT_EMIT_LOC_STRINGS = YES;
				SWIFT_UPCOMING_FEATURE_MEMBER_IMPORT_VISIBILITY = YES;
				SWIFT_VERSION = 5.0;
				TARGETED_DEVICE_FAMILY = 4;
				WATCHOS_DEPLOYMENT_TARGET = 9.0;
			};
			name = Debug;
		};
		3A41E615302A7FD9008FF169 /* Release */ = {
			isa = XCBuildConfiguration;
			baseConfigurationReference = 3A999E5F2855A00100BE79A3 /* Signing.xcconfig */;
			buildSettings = {
				ASSETCATALOG_COMPILER_APPICON_NAME = AppIcon;
				ASSETCATALOG_COMPILER_GENERATE_SWIFT_ASSET_SYMBOL_EXTENSIONS = YES;
				ASSETCATALOG_COMPILER_GLOBAL_ACCENT_COLOR_NAME = AccentColor;
				CLANG_CXX_LANGUAGE_STANDARD = "gnu++20";
				CODE_SIGN_STYLE = Automatic;
				CURRENT_PROJECT_VERSION = 22;
				ENABLE_PREVIEWS = YES;
				ENABLE_USER_SCRIPT_SANDBOXING = YES;
				GCC_C_LANGUAGE_STANDARD = gnu17;
				GENERATE_INFOPLIST_FILE = YES;
				INFOPLIST_KEY_CFBundleDisplayName = Watch;
				INFOPLIST_KEY_UISupportedInterfaceOrientations = "UIInterfaceOrientationPortrait UIInterfaceOrientationPortraitUpsideDown";
				INFOPLIST_KEY_WKCompanionAppBundleIdentifier = "$(DEMO_BUNDLE_ID)";
				LD_RUNPATH_SEARCH_PATHS = (
					"$(inherited)",
					"@executable_path/Frameworks",
				);
				LOCALIZATION_PREFERS_STRING_CATALOGS = YES;
				MARKETING_VERSION = 27.0;
				PRODUCT_BUNDLE_IDENTIFIER = "$(DEMO_BUNDLE_ID).watchkitapp";
				PRODUCT_NAME = "$(TARGET_NAME)";
				SDKROOT = watchos;
				SKIP_INSTALL = YES;
				STRING_CATALOG_GENERATE_SYMBOLS = YES;
				SWIFT_APPROACHABLE_CONCURRENCY = YES;
				SWIFT_DEFAULT_ACTOR_ISOLATION = MainActor;
				SWIFT_EMIT_LOC_STRINGS = YES;
				SWIFT_UPCOMING_FEATURE_MEMBER_IMPORT_VISIBILITY = YES;
				SWIFT_VERSION = 5.0;
				TARGETED_DEVICE_FAMILY = 4;
				VALIDATE_PRODUCT = YES;
				WATCHOS_DEPLOYMENT_TARGET = 9.0;
			};
			name = Release;
		};
		3A41E616302A7FD9008FF169 /* Debug */ = {
			isa = XCBuildConfiguration;
			baseConfigurationReference = 3A999E5F2855A00100BE79A3 /* Signing.xcconfig */;
			buildSettings = {
				ASSETCATALOG_COMPILER_GENERATE_SWIFT_ASSET_SYMBOL_EXTENSIONS = YES;
				BUNDLE_LOADER = "$(TEST_HOST)";
				CLANG_CXX_LANGUAGE_STANDARD = "gnu++20";
				CODE_SIGN_STYLE = Automatic;
				CURRENT_PROJECT_VERSION = 1;
				ENABLE_USER_SCRIPT_SANDBOXING = YES;
				GCC_C_LANGUAGE_STANDARD = gnu17;
				GENERATE_INFOPLIST_FILE = YES;
				LOCALIZATION_PREFERS_STRING_CATALOGS = YES;
				MARKETING_VERSION = 1.0;
				PRODUCT_BUNDLE_IDENTIFIER = "$(DEMO_BUNDLE_ID).Watch-Watch-AppTests";
				PRODUCT_NAME = "$(TARGET_NAME)";
				SDKROOT = watchos;
				STRING_CATALOG_GENERATE_SYMBOLS = NO;
				SWIFT_ACTIVE_COMPILATION_CONDITIONS = "DEBUG $(inherited)";
				SWIFT_APPROACHABLE_CONCURRENCY = YES;
				SWIFT_EMIT_LOC_STRINGS = NO;
				SWIFT_UPCOMING_FEATURE_MEMBER_IMPORT_VISIBILITY = YES;
				SWIFT_VERSION = 5.0;
				TARGETED_DEVICE_FAMILY = 4;
				TEST_HOST = "$(BUILT_PRODUCTS_DIR)/Watch Watch App.app/$(BUNDLE_EXECUTABLE_FOLDER_PATH)/Watch Watch App";
				WATCHOS_DEPLOYMENT_TARGET = 27.0;
			};
			name = Debug;
		};
		3A41E617302A7FD9008FF169 /* Release */ = {
			isa = XCBuildConfiguration;
			baseConfigurationReference = 3A999E5F2855A00100BE79A3 /* Signing.xcconfig */;
			buildSettings = {
				ASSETCATALOG_COMPILER_GENERATE_SWIFT_ASSET_SYMBOL_EXTENSIONS = YES;
				BUNDLE_LOADER = "$(TEST_HOST)";
				CLANG_CXX_LANGUAGE_STANDARD = "gnu++20";
				CODE_SIGN_STYLE = Automatic;
				CURRENT_PROJECT_VERSION = 1;
				ENABLE_USER_SCRIPT_SANDBOXING = YES;
				GCC_C_LANGUAGE_STANDARD = gnu17;
				GENERATE_INFOPLIST_FILE = YES;
				LOCALIZATION_PREFERS_STRING_CATALOGS = YES;
				MARKETING_VERSION = 1.0;
				PRODUCT_BUNDLE_IDENTIFIER = "$(DEMO_BUNDLE_ID).Watch-Watch-AppTests";
				PRODUCT_NAME = "$(TARGET_NAME)";
				SDKROOT = watchos;
				STRING_CATALOG_GENERATE_SYMBOLS = NO;
				SWIFT_APPROACHABLE_CONCURRENCY = YES;
				SWIFT_EMIT_LOC_STRINGS = NO;
				SWIFT_UPCOMING_FEATURE_MEMBER_IMPORT_VISIBILITY = YES;
				SWIFT_VERSION = 5.0;
				TARGETED_DEVICE_FAMILY = 4;
				TEST_HOST = "$(BUILT_PRODUCTS_DIR)/Watch Watch App.app/$(BUNDLE_EXECUTABLE_FOLDER_PATH)/Watch Watch App";
				VALIDATE_PRODUCT = YES;
				WATCHOS_DEPLOYMENT_TARGET = 27.0;
			};
			name = Release;
		};
		3A41E618302A7FD9008FF169 /* Debug */ = {
			isa = XCBuildConfiguration;
			baseConfigurationReference = 3A999E5F2855A00100BE79A3 /* Signing.xcconfig */;
			buildSettings = {
				ASSETCATALOG_COMPILER_GENERATE_SWIFT_ASSET_SYMBOL_EXTENSIONS = YES;
				CLANG_CXX_LANGUAGE_STANDARD = "gnu++20";
				CODE_SIGN_STYLE = Automatic;
				CURRENT_PROJECT_VERSION = 1;
				ENABLE_USER_SCRIPT_SANDBOXING = YES;
				GCC_C_LANGUAGE_STANDARD = gnu17;
				GENERATE_INFOPLIST_FILE = YES;
				LOCALIZATION_PREFERS_STRING_CATALOGS = YES;
				MARKETING_VERSION = 1.0;
				PRODUCT_BUNDLE_IDENTIFIER = "$(DEMO_BUNDLE_ID).Watch-Watch-AppUITests";
				PRODUCT_NAME = "$(TARGET_NAME)";
				SDKROOT = watchos;
				STRING_CATALOG_GENERATE_SYMBOLS = NO;
				SWIFT_ACTIVE_COMPILATION_CONDITIONS = "DEBUG $(inherited)";
				SWIFT_APPROACHABLE_CONCURRENCY = YES;
				SWIFT_EMIT_LOC_STRINGS = NO;
				SWIFT_UPCOMING_FEATURE_MEMBER_IMPORT_VISIBILITY = YES;
				SWIFT_VERSION = 5.0;
				TARGETED_DEVICE_FAMILY = 4;
				TEST_TARGET_NAME = "Watch Watch App";
				WATCHOS_DEPLOYMENT_TARGET = 27.0;
			};
			name = Debug;
		};
		3A41E619302A7FD9008FF169 /* Release */ = {
			isa = XCBuildConfiguration;
			baseConfigurationReference = 3A999E5F2855A00100BE79A3 /* Signing.xcconfig */;
			buildSettings = {
				ASSETCATALOG_COMPILER_GENERATE_SWIFT_ASSET_SYMBOL_EXTENSIONS = YES;
				CLANG_CXX_LANGUAGE_STANDARD = "gnu++20";
				CODE_SIGN_STYLE = Automatic;
				CURRENT_PROJECT_VERSION = 1;
				ENABLE_USER_SCRIPT_SANDBOXING = YES;
				GCC_C_LANGUAGE_STANDARD = gnu17;
				GENERATE_INFOPLIST_FILE = YES;
				LOCALIZATION_PREFERS_STRING_CATALOGS = YES;
				MARKETING_VERSION = 1.0;
				PRODUCT_BUNDLE_IDENTIFIER = "$(DEMO_BUNDLE_ID).Watch-Watch-AppUITests";
				PRODUCT_NAME = "$(TARGET_NAME)";
				SDKROOT = watchos;
				STRING_CATALOG_GENERATE_SYMBOLS = NO;
				SWIFT_APPROACHABLE_CONCURRENCY = YES;
				SWIFT_EMIT_LOC_STRINGS = NO;
				SWIFT_UPCOMING_FEATURE_MEMBER_IMPORT_VISIBILITY = YES;
				SWIFT_VERSION = 5.0;
				TARGETED_DEVICE_FAMILY = 4;
				TEST_TARGET_NAME = "Watch Watch App";
				VALIDATE_PRODUCT = YES;
				WATCHOS_DEPLOYMENT_TARGET = 27.0;
			};
			name = Release;
		};
		3A46CBB9285444CD00BE79A3 /* Debug */ = {
			isa = XCBuildConfiguration;
			buildSettings = {
				ALWAYS_SEARCH_USER_PATHS = NO;
				CLANG_ANALYZER_LOCALIZABILITY_NONLOCALIZED = YES;
				CLANG_ANALYZER_NONNULL = YES;
				CLANG_ANALYZER_NUMBER_OBJECT_CONVERSION = YES_AGGRESSIVE;
				CLANG_CXX_LANGUAGE_STANDARD = "gnu++17";
				CLANG_ENABLE_MODULES = YES;
				CLANG_ENABLE_OBJC_ARC = YES;
				CLANG_ENABLE_OBJC_WEAK = YES;
				CLANG_WARN_BLOCK_CAPTURE_AUTORELEASING = YES;
				CLANG_WARN_BOOL_CONVERSION = YES;
				CLANG_WARN_COMMA = YES;
				CLANG_WARN_CONSTANT_CONVERSION = YES;
				CLANG_WARN_DEPRECATED_OBJC_IMPLEMENTATIONS = YES;
				CLANG_WARN_DIRECT_OBJC_ISA_USAGE = YES_ERROR;
				CLANG_WARN_DOCUMENTATION_COMMENTS = YES;
				CLANG_WARN_EMPTY_BODY = YES;
				CLANG_WARN_ENUM_CONVERSION = YES;
				CLANG_WARN_INFINITE_RECURSION = YES;
				CLANG_WARN_INT_CONVERSION = YES;
				CLANG_WARN_NON_LITERAL_NULL_CONVERSION = YES;
				CLANG_WARN_OBJC_IMPLICIT_RETAIN_SELF = YES;
				CLANG_WARN_OBJC_LITERAL_CONVERSION = YES;
				CLANG_WARN_OBJC_ROOT_CLASS = YES_ERROR;
				CLANG_WARN_QUOTED_INCLUDE_IN_FRAMEWORK_HEADER = YES;
				CLANG_WARN_RANGE_LOOP_ANALYSIS = YES;
				CLANG_WARN_STRICT_PROTOTYPES = YES;
				CLANG_WARN_SUSPICIOUS_MOVE = YES;
				CLANG_WARN_UNGUARDED_AVAILABILITY = YES_AGGRESSIVE;
				CLANG_WARN_UNREACHABLE_CODE = YES;
				CLANG_WARN__DUPLICATE_METHOD_MATCH = YES;
				COPY_PHASE_STRIP = NO;
				DEBUG_INFORMATION_FORMAT = dwarf;
				ENABLE_STRICT_OBJC_MSGSEND = YES;
				ENABLE_TESTABILITY = YES;
				GCC_C_LANGUAGE_STANDARD = gnu11;
				GCC_DYNAMIC_NO_PIC = NO;
				GCC_NO_COMMON_BLOCKS = YES;
				GCC_OPTIMIZATION_LEVEL = 0;
				GCC_PREPROCESSOR_DEFINITIONS = (
					"DEBUG=1",
					"$(inherited)",
				);
				GCC_WARN_64_TO_32_BIT_CONVERSION = YES;
				GCC_WARN_ABOUT_RETURN_TYPE = YES_ERROR;
				GCC_WARN_UNDECLARED_SELECTOR = YES;
				GCC_WARN_UNINITIALIZED_AUTOS = YES_AGGRESSIVE;
				GCC_WARN_UNUSED_FUNCTION = YES;
				GCC_WARN_UNUSED_VARIABLE = YES;
				MTL_ENABLE_DEBUG_INFO = INCLUDE_SOURCE;
				MTL_FAST_MATH = YES;
				ONLY_ACTIVE_ARCH = YES;
				SWIFT_ACTIVE_COMPILATION_CONDITIONS = DEBUG;
				SWIFT_OPTIMIZATION_LEVEL = "-Onone";
			};
			name = Debug;
		};
		3A46CBBA285444CD00BE79A3 /* Release */ = {
			isa = XCBuildConfiguration;
			buildSettings = {
				ALWAYS_SEARCH_USER_PATHS = NO;
				CLANG_ANALYZER_LOCALIZABILITY_NONLOCALIZED = YES;
				CLANG_ANALYZER_NONNULL = YES;
				CLANG_ANALYZER_NUMBER_OBJECT_CONVERSION = YES_AGGRESSIVE;
				CLANG_CXX_LANGUAGE_STANDARD = "gnu++17";
				CLANG_ENABLE_MODULES = YES;
				CLANG_ENABLE_OBJC_ARC = YES;
				CLANG_ENABLE_OBJC_WEAK = YES;
				CLANG_WARN_BLOCK_CAPTURE_AUTORELEASING = YES;
				CLANG_WARN_BOOL_CONVERSION = YES;
				CLANG_WARN_COMMA = YES;
				CLANG_WARN_CONSTANT_CONVERSION = YES;
				CLANG_WARN_DEPRECATED_OBJC_IMPLEMENTATIONS = YES;
				CLANG_WARN_DIRECT_OBJC_ISA_USAGE = YES_ERROR;
				CLANG_WARN_DOCUMENTATION_COMMENTS = YES;
				CLANG_WARN_EMPTY_BODY = YES;
				CLANG_WARN_ENUM_CONVERSION = YES;
				CLANG_WARN_INFINITE_RECURSION = YES;
				CLANG_WARN_INT_CONVERSION = YES;
				CLANG_WARN_NON_LITERAL_NULL_CONVERSION = YES;
				CLANG_WARN_OBJC_IMPLICIT_RETAIN_SELF = YES;
				CLANG_WARN_OBJC_LITERAL_CONVERSION = YES;
				CLANG_WARN_OBJC_ROOT_CLASS = YES_ERROR;
				CLANG_WARN_QUOTED_INCLUDE_IN_FRAMEWORK_HEADER = YES;
				CLANG_WARN_RANGE_LOOP_ANALYSIS = YES;
				CLANG_WARN_STRICT_PROTOTYPES = YES;
				CLANG_WARN_SUSPICIOUS_MOVE = YES;
				CLANG_WARN_UNGUARDED_AVAILABILITY = YES_AGGRESSIVE;
				CLANG_WARN_UNREACHABLE_CODE = YES;
				CLANG_WARN__DUPLICATE_METHOD_MATCH = YES;
				COPY_PHASE_STRIP = NO;
				DEBUG_INFORMATION_FORMAT = "dwarf-with-dsym";
				ENABLE_NS_ASSERTIONS = NO;
				ENABLE_STRICT_OBJC_MSGSEND = YES;
				GCC_C_LANGUAGE_STANDARD = gnu11;
				GCC_NO_COMMON_BLOCKS = YES;
				GCC_WARN_64_TO_32_BIT_CONVERSION = YES;
				GCC_WARN_ABOUT_RETURN_TYPE = YES_ERROR;
				GCC_WARN_UNDECLARED_SELECTOR = YES;
				GCC_WARN_UNINITIALIZED_AUTOS = YES_AGGRESSIVE;
				GCC_WARN_UNUSED_FUNCTION = YES;
				GCC_WARN_UNUSED_VARIABLE = YES;
				MTL_ENABLE_DEBUG_INFO = NO;
				MTL_FAST_MATH = YES;
				SWIFT_COMPILATION_MODE = wholemodule;
				SWIFT_OPTIMIZATION_LEVEL = "-O";
			};
			name = Release;
		};
		3A46CBBC285444CD00BE79A3 /* Debug */ = {
			isa = XCBuildConfiguration;
			baseConfigurationReference = 3A999E5F2855A00100BE79A3 /* Signing.xcconfig */;
			buildSettings = {
				ASSETCATALOG_COMPILER_APPICON_NAME = AppIcon;
				ASSETCATALOG_COMPILER_GLOBAL_ACCENT_COLOR_NAME = AccentColor;
				CODE_SIGN_STYLE = Automatic;
				CURRENT_PROJECT_VERSION = 22;
				DEVELOPMENT_ASSET_PATHS = "\"What's New?/Preview Content\"";
				ENABLE_HARDENED_RUNTIME = YES;
				ENABLE_PREVIEWS = YES;
				GENERATE_INFOPLIST_FILE = YES;
				"INFOPLIST_FILE[sdk=iphoneos*]" = "What's New?/CarPlayScene-Info.plist";
				"INFOPLIST_FILE[sdk=iphonesimulator*]" = "What's New?/CarPlayScene-Info.plist";
				INFOPLIST_KEY_CFBundleDisplayName = Demo;
				INFOPLIST_KEY_LSApplicationCategoryType = "public.app-category.developer-tools";
				"INFOPLIST_KEY_UILaunchScreen_Generation[sdk=iphoneos*]" = YES;
				"INFOPLIST_KEY_UILaunchScreen_Generation[sdk=iphonesimulator*]" = YES;
				INFOPLIST_KEY_UIStatusBarHidden = NO;
				INFOPLIST_KEY_UISupportedInterfaceOrientations = "UIInterfaceOrientationLandscapeLeft UIInterfaceOrientationLandscapeRight UIInterfaceOrientationPortrait UIInterfaceOrientationPortraitUpsideDown";
				IPHONEOS_DEPLOYMENT_TARGET = 17.0;
				LD_RUNPATH_SEARCH_PATHS = "@executable_path/Frameworks";
				"LD_RUNPATH_SEARCH_PATHS[sdk=macosx*]" = "@executable_path/../Frameworks";
				MACOSX_DEPLOYMENT_TARGET = 14.0;
				MARKETING_VERSION = 27.0;
				PRODUCT_BUNDLE_IDENTIFIER = "$(DEMO_BUNDLE_ID)";
				PRODUCT_NAME = "$(TARGET_NAME)";
				SDKROOT = auto;
				SUPPORTED_PLATFORMS = "appletvos appletvsimulator iphoneos iphonesimulator macosx xros xrsimulator";
				SUPPORTS_MACCATALYST = NO;
				SUPPORTS_MAC_DESIGNED_FOR_IPHONE_IPAD = NO;
				SUPPORTS_XR_DESIGNED_FOR_IPHONE_IPAD = NO;
				SWIFT_EMIT_LOC_STRINGS = YES;
				SWIFT_VERSION = 5.0;
				TARGETED_DEVICE_FAMILY = "1,2,3,7";
				TVOS_DEPLOYMENT_TARGET = 17.0;
				VISIONOS_DEPLOYMENT_TARGET = 1.0;
				XROS_DEPLOYMENT_TARGET = 1.0;
			};
			name = Debug;
		};
		3A46CBBD285444CD00BE79A3 /* Release */ = {
			isa = XCBuildConfiguration;
			baseConfigurationReference = 3A999E5F2855A00100BE79A3 /* Signing.xcconfig */;
			buildSettings = {
				ASSETCATALOG_COMPILER_APPICON_NAME = AppIcon;
				ASSETCATALOG_COMPILER_GLOBAL_ACCENT_COLOR_NAME = AccentColor;
				CODE_SIGN_STYLE = Automatic;
				CURRENT_PROJECT_VERSION = 22;
				DEVELOPMENT_ASSET_PATHS = "\"What's New?/Preview Content\"";
				ENABLE_HARDENED_RUNTIME = YES;
				ENABLE_PREVIEWS = YES;
				GENERATE_INFOPLIST_FILE = YES;
				"INFOPLIST_FILE[sdk=iphoneos*]" = "What's New?/CarPlayScene-Info.plist";
				"INFOPLIST_FILE[sdk=iphonesimulator*]" = "What's New?/CarPlayScene-Info.plist";
				INFOPLIST_KEY_CFBundleDisplayName = Demo;
				INFOPLIST_KEY_LSApplicationCategoryType = "public.app-category.developer-tools";
				"INFOPLIST_KEY_UILaunchScreen_Generation[sdk=iphoneos*]" = YES;
				"INFOPLIST_KEY_UILaunchScreen_Generation[sdk=iphonesimulator*]" = YES;
				INFOPLIST_KEY_UIStatusBarHidden = NO;
				INFOPLIST_KEY_UISupportedInterfaceOrientations = "UIInterfaceOrientationLandscapeLeft UIInterfaceOrientationLandscapeRight UIInterfaceOrientationPortrait UIInterfaceOrientationPortraitUpsideDown";
				IPHONEOS_DEPLOYMENT_TARGET = 17.0;
				LD_RUNPATH_SEARCH_PATHS = "@executable_path/Frameworks";
				"LD_RUNPATH_SEARCH_PATHS[sdk=macosx*]" = "@executable_path/../Frameworks";
				MACOSX_DEPLOYMENT_TARGET = 14.0;
				MARKETING_VERSION = 27.0;
				PRODUCT_BUNDLE_IDENTIFIER = "$(DEMO_BUNDLE_ID)";
				PRODUCT_NAME = "$(TARGET_NAME)";
				SDKROOT = auto;
				SUPPORTED_PLATFORMS = "appletvos appletvsimulator iphoneos iphonesimulator macosx xros xrsimulator";
				SUPPORTS_MACCATALYST = NO;
				SUPPORTS_MAC_DESIGNED_FOR_IPHONE_IPAD = NO;
				SUPPORTS_XR_DESIGNED_FOR_IPHONE_IPAD = NO;
				SWIFT_EMIT_LOC_STRINGS = YES;
				SWIFT_VERSION = 5.0;
				TARGETED_DEVICE_FAMILY = "1,2,3,7";
				TVOS_DEPLOYMENT_TARGET = 17.0;
				XROS_DEPLOYMENT_TARGET = 1.0;
			};
			name = Release;
		};
/* End XCBuildConfiguration section */

/* Begin XCConfigurationList section */
		3A41E61A302A7FD9008FF169 /* Build configuration list for PBXNativeTarget "Watch Watch App" */ = {
			isa = XCConfigurationList;
			buildConfigurations = (
				3A41E614302A7FD9008FF169 /* Debug */,
				3A41E615302A7FD9008FF169 /* Release */,
			);
			defaultConfigurationIsVisible = 0;
			defaultConfigurationName = Release;
		};
		3A41E61B302A7FD9008FF169 /* Build configuration list for PBXNativeTarget "Watch Watch AppTests" */ = {
			isa = XCConfigurationList;
			buildConfigurations = (
				3A41E616302A7FD9008FF169 /* Debug */,
				3A41E617302A7FD9008FF169 /* Release */,
			);
			defaultConfigurationIsVisible = 0;
			defaultConfigurationName = Release;
		};
		3A41E61C302A7FD9008FF169 /* Build configuration list for PBXNativeTarget "Watch Watch AppUITests" */ = {
			isa = XCConfigurationList;
			buildConfigurations = (
				3A41E618302A7FD9008FF169 /* Debug */,
				3A41E619302A7FD9008FF169 /* Release */,
			);
			defaultConfigurationIsVisible = 0;
			defaultConfigurationName = Release;
		};
		3A46CBA7285444CC00BE79A3 /* Build configuration list for PBXProject "What's New?" */ = {
			isa = XCConfigurationList;
			buildConfigurations = (
				3A46CBB9285444CD00BE79A3 /* Debug */,
				3A46CBBA285444CD00BE79A3 /* Release */,
			);
			defaultConfigurationIsVisible = 0;
			defaultConfigurationName = Release;
		};
		3A46CBBB285444CD00BE79A3 /* Build configuration list for PBXNativeTarget "What's New?" */ = {
			isa = XCConfigurationList;
			buildConfigurations = (
				3A46CBBC285444CD00BE79A3 /* Debug */,
				3A46CBBD285444CD00BE79A3 /* Release */,
			);
			defaultConfigurationIsVisible = 0;
			defaultConfigurationName = Release;
		};
/* End XCConfigurationList section */

/* Begin XCLocalSwiftPackageReference section */
		3A23CAF32A3AC05C0099CC42 /* XCLocalSwiftPackageReference ".." */ = {
			isa = XCLocalSwiftPackageReference;
			relativePath = ..;
		};
/* End XCLocalSwiftPackageReference section */

/* Begin XCSwiftPackageProductDependency section */
		3A23CAF42A3AC05C0099CC42 /* SwiftNEW */ = {
			isa = XCSwiftPackageProductDependency;
			productName = SwiftNEW;
		};
		3A41E620302A7FD9008FF169 /* SwiftNEW */ = {
			isa = XCSwiftPackageProductDependency;
			package = 3A23CAF32A3AC05C0099CC42 /* XCLocalSwiftPackageReference ".." */;
			productName = SwiftNEW;
		};
		3AB7E09028630E380059EEFE /* SwiftNEW */ = {
			isa = XCSwiftPackageProductDependency;
			productName = SwiftNEW;
		};
/* End XCSwiftPackageProductDependency section */
	};
	rootObject = 3A46CBA4285444CC00BE79A3 /* Project object */;
}
