{
  "pins" : [
    {
      "identity" : "swiftnewkit",
      "kind" : "remoteSourceControl",
      "location" : "https://github.com/1998code/SwiftNEWKit",
      "state" : {
        "branch" : "main",
        "revision" : "e808eaa1e6e1417cdc599c50c1b64746ea2bda3c"
      }
    }
  ],
  "version" : 2
}
