{
  "originHash" : "d25ed17971fd47acbfa345e11d174aae77fb3ffb8daa99aecf174631bb2053b3",
  "pins" : [
    {
      "identity" : "drops",
      "kind" : "remoteSourceControl",
      "location" : "https://github.com/omaralbeik/Drops.git",
      "state" : {
        "revision" : "a183ee6f79f21c940092a19c2cba756555422371",
        "version" : "1.7.0"
      }
    },
    {
      "identity" : "swiftglass",
      "kind" : "remoteSourceControl",
      "location" : "https://github.com/1998code/SwiftGlass.git",
      "state" : {
        "revision" : "a012c615c36a3992fb2c9358206de2a2bd253454",
        "version" : "1.9.9"
      }
    },
    {
      "identity" : "swiftvbkit",
      "kind" : "remoteSourceControl",
      "location" : "https://github.com/1998code/SwiftVBKit.git",
      "state" : {
        "revision" : "efd706f9b2522cb8f08c75a012c3c5478757379c",
        "version" : "1.4.0"
      }
    }
  ],
  "version" : 3
}
