// !$*UTF8*$!
{
	archiveVersion = 1;
	classes = {
	};
	objectVersion = 56;
	objects = {

/* Begin PBXBuildFile section */
		49231BAC2AC5BCEF00F98ADF /* UniversalApp in Frameworks */ = {isa = PBXBuildFile; productRef = 49231BAB2AC5BCEF00F98ADF /* UniversalApp */; };
		49231BAD2AC5BCEF00F98ADF /* UniversalApp in Embed Frameworks */ = {isa = PBXBuildFile; productRef = 49231BAB2AC5BCEF00F98ADF /* UniversalApp */; settings = {ATTRIBUTES = (CodeSignOnCopy, ); }; };
		496BDBEE2B8A7E9C00C09264 /* Localizable.xcstrings in Resources */ = {isa = PBXBuildFile; fileRef = 496BDBED2B8A7E9C00C09264 /* Localizable.xcstrings */; };
		499CD43B2AC5B799001AE8D8 /* UniversalAppMain.swift in Sources */ = {isa = PBXBuildFile; fileRef = 49F90C2B2A52156200F06D93 /* UniversalAppMain.swift */; };
		499CD4402AC5B799001AE8D8 /* Assets.xcassets in Resources */ = {isa = PBXBuildFile; fileRef = 49F90C2F2A52156300F06D93 /* Assets.xcassets */; };
/* End PBXBuildFile section */

/* Begin PBXCopyFilesBuildPhase section */
		499CD44A2AC5B9C6001AE8D8 /* Embed Frameworks */ = {
			isa = PBXCopyFilesBuildPhase;
			buildActionMask = 2147483647;
			dstPath = "";
			dstSubfolderSpec = 10;
			files = (
				49231BAD2AC5BCEF00F98ADF /* UniversalApp in Embed Frameworks */,
			);
			name = "Embed Frameworks";
			runOnlyForDeploymentPostprocessing = 0;
		};
/* End PBXCopyFilesBuildPhase section */

/* Begin PBXFileReference section */
		493609562A6B7EAE00C401E2 /* Universal */ = {isa = PBXFileReference; lastKnownFileType = wrapper; name = Universal; path = ..; sourceTree = "<group>"; };
		496BDBEB2B89A47800C09264 /* Universal.app */ = {isa = PBXFileReference; explicitFileType = wrapper.application; includeInIndex = 0; path = Universal.app; sourceTree = BUILT_PRODUCTS_DIR; };
		496BDBED2B8A7E9C00C09264 /* Localizable.xcstrings */ = {isa = PBXFileReference; lastKnownFileType = text.json.xcstrings; name = Localizable.xcstrings; path = ../Sources/Universal/Resources/Localizable.xcstrings; sourceTree = "<group>"; };
		496EB72F2A6AE4DE00C1253A /* Skip.env */ = {isa = PBXFileReference; lastKnownFileType = text.xcconfig; name = Skip.env; path = ../Skip.env; sourceTree = "<group>"; };
		496EB72F2A6AE4DE00C1253B /* Universal.xcconfig */ = {isa = PBXFileReference; lastKnownFileType = text.xcconfig; path = Universal.xcconfig; sourceTree = "<group>"; };
		496EB72F2A6AE4DE00C1253C /* README.md */ = {isa = PBXFileReference; lastKnownFileType = net.daringfireball.markdown; name = README.md; path = ../README.md; sourceTree = "<group>"; };
		499AB9082B0581F4005E8330 /* plugins */ = {isa = PBXFileReference; lastKnownFileType = folder; name = plugins; path = ../../../SourcePackages/plugins; sourceTree = BUILT_PRODUCTS_DIR; };
		49F90C2B2A52156200F06D93 /* UniversalAppMain.swift */ = {isa = PBXFileReference; lastKnownFileType = sourcecode.swift; name = UniversalAppMain.swift; path = Sources/UniversalAppMain.swift; sourceTree = SOURCE_ROOT; };
		49F90C2F2A52156300F06D93 /* Assets.xcassets */ = {isa = PBXFileReference; lastKnownFileType = folder.assetcatalog; path = Assets.xcassets; sourceTree = "<group>"; };
		49F90C312A52156300F06D93 /* Entitlements.plist */ = {isa = PBXFileReference; lastKnownFileType = text.plist.entitlements; path = Entitlements.plist; sourceTree = "<group>"; };
/* End PBXFileReference section */

/* Begin PBXFrameworksBuildPhase section */
		499CD43C2AC5B799001AE8D8 /* Frameworks */ = {
			isa = PBXFrameworksBuildPhase;
			buildActionMask = 2147483647;
			files = (
				49231BAC2AC5BCEF00F98ADF /* UniversalApp in Frameworks */,
			);
			runOnlyForDeploymentPostprocessing = 0;
		};
/* End PBXFrameworksBuildPhase section */

/* Begin PBXGroup section */
		496BDBEC2B89A47800C09264 /* Products */ = {
			isa = PBXGroup;
			children = (
				496BDBEB2B89A47800C09264 /* Universal.app */,
			);
			name = Products;
			sourceTree = "<group>";
		};
		49AB54462B066A7E007B79B2 /* SkipStone */ = {
			isa = PBXGroup;
			children = (
				499AB9082B0581F4005E8330 /* plugins */,
			);
			name = SkipStone;
			sourceTree = "<group>";
		};
		49F90C1F2A52156200F06D93 = {
			isa = PBXGroup;
			children = (
				496EB72F2A6AE4DE00C1253C /* README.md */,
				496EB72F2A6AE4DE00C1253A /* Skip.env */,
				496EB72F2A6AE4DE00C1253B /* Universal.xcconfig */,
				496BDBED2B8A7E9C00C09264 /* Localizable.xcstrings */,
				493609562A6B7EAE00C401E2 /* Universal */,
				49F90C2A2A52156200F06D93 /* App */,
				49AB54462B066A7E007B79B2 /* SkipStone */,
				496BDBEC2B89A47800C09264 /* Products */,
			);
			sourceTree = "<group>";
		};
		49F90C2A2A52156200F06D93 /* App */ = {
			isa = PBXGroup;
			children = (
				49F90C2B2A52156200F06D93 /* UniversalAppMain.swift */,
				49F90C2F2A52156300F06D93 /* Assets.xcassets */,
				49F90C312A52156300F06D93 /* Entitlements.plist */,
			);
			name = App;
			sourceTree = "<group>";
		};
/* End PBXGroup section */

/* Begin PBXNativeTarget section */
		499CD4382AC5B799001AE8D8 /* Universal */ = {
			isa = PBXNativeTarget;
			buildConfigurationList = 499CD4412AC5B799001AE8D8 /* Build configuration list for PBXNativeTarget "Universal" */;
			buildPhases = (
				499CD43A2AC5B799001AE8D8 /* Sources */,
				499CD43C2AC5B799001AE8D8 /* Frameworks */,
				499CD43E2AC5B799001AE8D8 /* Resources */,
				499CD4452AC5B869001AE8D8 /* Run skip gradle */,
				499CD44A2AC5B9C6001AE8D8 /* Embed Frameworks */,
			);
			buildRules = (
			);
			dependencies = (
			);
			name = Universal;
			packageProductDependencies = (
				49231BAB2AC5BCEF00F98ADF /* UniversalApp */,
			);
			productName = App;
			productReference = 496BDBEB2B89A47800C09264 /* Universal.app */;
			productType = "com.apple.product-type.application";
		};
/* End PBXNativeTarget section */

/* Begin PBXProject section */
		49F90C202A52156200F06D93 /* Project object */ = {
			isa = PBXProject;
			attributes = {
				BuildIndependentTargetsInParallel = 1;
				LastSwiftUpdateCheck = 1430;
				LastUpgradeCheck = 1500;
			};
			buildConfigurationList = 49F90C232A52156200F06D93 /* Build configuration list for PBXProject "Universal" */;
			compatibilityVersion = "Xcode 14.0";
			developmentRegion = en;
			hasScannedForEncodings = 0;
			knownRegions = (
				en,
				Base,
				es,
				ja,
				"zh-Hans",
			);
			mainGroup = 49F90C1F2A52156200F06D93;
			packageReferences = (
			);
			productRefGroup = 496BDBEC2B89A47800C09264 /* Products */;
			projectDirPath = "";
			projectRoot = "";
			targets = (
				499CD4382AC5B799001AE8D8 /* Universal */,
			);
		};
/* End PBXProject section */

/* Begin PBXResourcesBuildPhase section */
		499CD43E2AC5B799001AE8D8 /* Resources */ = {
			isa = PBXResourcesBuildPhase;
			buildActionMask = 2147483647;
			files = (
				499CD4402AC5B799001AE8D8 /* Assets.xcassets in Resources */,
				496BDBEE2B8A7E9C00C09264 /* Localizable.xcstrings in Resources */,
			);
			runOnlyForDeploymentPostprocessing = 0;
		};
/* End PBXResourcesBuildPhase section */

/* Begin PBXShellScriptBuildPhase section */
		499CD4452AC5B869001AE8D8 /* Run skip gradle */ = {
			isa = PBXShellScriptBuildPhase;
			alwaysOutOfDate = 1;
			buildActionMask = 2147483647;
			files = (
			);
			inputFileListPaths = (
			);
			inputPaths = (
			);
			name = "Run skip gradle";
			outputFileListPaths = (
			);
			outputPaths = (
			);
			runOnlyForDeploymentPostprocessing = 0;
			shellPath = "/bin/sh -e";
			shellScript = "if [ \"${SKIP_ZERO}\" != \"\" ]; then\n\techo \"note: skipping skip due to SKIP_ZERO\"\n\texit 0\nfi\nif [ \"${ENABLE_PREVIEWS}\" == \"YES\" ]; then\n\techo \"note: skipping skip due to ENABLE_PREVIEWS\"\n\texit 0\nfi\nif [ \"${ACTION}\" = \"install\" ]; then\n\tSKIP_ACTION=\"build\"\nelse\n\tSKIP_ACTION=\"${SKIP_ACTION:-launch}\"\nfi\nPATH=${BUILD_ROOT}/Debug:${BUILD_ROOT}/../../SourcePackages/artifacts/skip/skip/skip.artifactbundle/macos:${PATH}:${HOMEBREW_PREFIX:-/opt/homebrew}/bin\necho \"note: running gradle build with: $(which skip) gradle -p ${PWD}/../Android ${SKIP_ACTION:-launch}${CONFIGURATION:-Debug}\"\nskip gradle -p ../Android ${SKIP_ACTION:-launch}${CONFIGURATION:-Debug}\n";
		};
/* End PBXShellScriptBuildPhase section */

/* Begin PBXSourcesBuildPhase section */
		499CD43A2AC5B799001AE8D8 /* Sources */ = {
			isa = PBXSourcesBuildPhase;
			buildActionMask = 2147483647;
			files = (
				499CD43B2AC5B799001AE8D8 /* UniversalAppMain.swift in Sources */,
			);
			runOnlyForDeploymentPostprocessing = 0;
		};
/* End PBXSourcesBuildPhase section */

/* Begin XCBuildConfiguration section */
		491FCC8E2AD18D38002FB1E1 /* Skippy */ = {
			isa = XCBuildConfiguration;
			baseConfigurationReference = 496EB72F2A6AE4DE00C1253B /* Universal.xcconfig */;
			buildSettings = {
				ALWAYS_SEARCH_USER_PATHS = NO;
				ASSETCATALOG_COMPILER_GENERATE_SWIFT_ASSET_SYMBOL_EXTENSIONS = YES;
				COPY_PHASE_STRIP = NO;
				DEBUG_INFORMATION_FORMAT = dwarf;
				ENABLE_BITCODE = NO;
				ENABLE_NS_ASSERTIONS = NO;
				ENABLE_STRICT_OBJC_MSGSEND = YES;
				ENABLE_USER_SCRIPT_SANDBOXING = NO;
				LOCALIZATION_PREFERS_STRING_CATALOGS = YES;
				MTL_ENABLE_DEBUG_INFO = NO;
				MTL_FAST_MATH = YES;
				SWIFT_COMPILATION_MODE = wholemodule;
			};
			name = Skippy;
		};
		491FCC8F2AD18D38002FB1E1 /* Skippy */ = {
			isa = XCBuildConfiguration;
			buildSettings = {
				ENABLE_PREVIEWS = YES;
				LD_RUNPATH_SEARCH_PATHS = "@executable_path/Frameworks";
				"LD_RUNPATH_SEARCH_PATHS[sdk=macosx*]" = "@executable_path/../Frameworks";
				MARKETING_VERSION = 1.0;
				SDKROOT = auto;
				SUPPORTED_PLATFORMS = "iphoneos iphonesimulator macosx";
				SWIFT_EMIT_LOC_STRINGS = YES;
				SWIFT_VERSION = 5.0;
				TARGETED_DEVICE_FAMILY = "1,2";
			};
			name = Skippy;
		};
		499CD4422AC5B799001AE8D8 /* Debug */ = {
			isa = XCBuildConfiguration;
			buildSettings = {
				ENABLE_PREVIEWS = YES;
				LD_RUNPATH_SEARCH_PATHS = "@executable_path/Frameworks";
				"LD_RUNPATH_SEARCH_PATHS[sdk=macosx*]" = "@executable_path/../Frameworks";
				MARKETING_VERSION = 1.0;
				SDKROOT = auto;
				SUPPORTED_PLATFORMS = "iphoneos iphonesimulator macosx";
				SWIFT_EMIT_LOC_STRINGS = YES;
				SWIFT_VERSION = 5.0;
				TARGETED_DEVICE_FAMILY = "1,2";
			};
			name = Debug;
		};
		499CD4432AC5B799001AE8D8 /* Release */ = {
			isa = XCBuildConfiguration;
			buildSettings = {
				ENABLE_PREVIEWS = YES;
				LD_RUNPATH_SEARCH_PATHS = "@executable_path/Frameworks";
				"LD_RUNPATH_SEARCH_PATHS[sdk=macosx*]" = "@executable_path/../Frameworks";
				MARKETING_VERSION = 1.0;
				SDKROOT = auto;
				SUPPORTED_PLATFORMS = "iphoneos iphonesimulator macosx";
				SWIFT_EMIT_LOC_STRINGS = YES;
				SWIFT_VERSION = 5.0;
				TARGETED_DEVICE_FAMILY = "1,2";
			};
			name = Release;
		};
		49F90C4B2A52156300F06D93 /* Debug */ = {
			isa = XCBuildConfiguration;
			baseConfigurationReference = 496EB72F2A6AE4DE00C1253B /* Universal.xcconfig */;
			buildSettings = {
				ALWAYS_SEARCH_USER_PATHS = NO;
				ASSETCATALOG_COMPILER_GENERATE_SWIFT_ASSET_SYMBOL_EXTENSIONS = YES;
				COPY_PHASE_STRIP = NO;
				DEBUG_INFORMATION_FORMAT = dwarf;
				ENABLE_BITCODE = NO;
				ENABLE_STRICT_OBJC_MSGSEND = YES;
				ENABLE_TESTABILITY = YES;
				ENABLE_USER_SCRIPT_SANDBOXING = NO;
				LOCALIZATION_PREFERS_STRING_CATALOGS = YES;
				MTL_ENABLE_DEBUG_INFO = INCLUDE_SOURCE;
				MTL_FAST_MATH = YES;
				ONLY_ACTIVE_ARCH = YES;
				SWIFT_ACTIVE_COMPILATION_CONDITIONS = "DEBUG $(inherited)";
				SWIFT_OPTIMIZATION_LEVEL = "-Onone";
			};
			name = Debug;
		};
		49F90C4C2A52156300F06D93 /* Release */ = {
			isa = XCBuildConfiguration;
			baseConfigurationReference = 496EB72F2A6AE4DE00C1253B /* Universal.xcconfig */;
			buildSettings = {
				ALWAYS_SEARCH_USER_PATHS = NO;
				ASSETCATALOG_COMPILER_GENERATE_SWIFT_ASSET_SYMBOL_EXTENSIONS = YES;
				COPY_PHASE_STRIP = NO;
				DEBUG_INFORMATION_FORMAT = dwarf;
				ENABLE_BITCODE = NO;
				ENABLE_NS_ASSERTIONS = NO;
				ENABLE_STRICT_OBJC_MSGSEND = YES;
				ENABLE_USER_SCRIPT_SANDBOXING = NO;
				LOCALIZATION_PREFERS_STRING_CATALOGS = YES;
				MTL_ENABLE_DEBUG_INFO = NO;
				MTL_FAST_MATH = YES;
				SWIFT_COMPILATION_MODE = wholemodule;
			};
			name = Release;
		};
/* End XCBuildConfiguration section */

/* Begin XCConfigurationList section */
		499CD4412AC5B799001AE8D8 /* Build configuration list for PBXNativeTarget "Universal" */ = {
			isa = XCConfigurationList;
			buildConfigurations = (
				499CD4422AC5B799001AE8D8 /* Debug */,
				499CD4432AC5B799001AE8D8 /* Release */,
				491FCC8F2AD18D38002FB1E1 /* Skippy */,
			);
			defaultConfigurationIsVisible = 0;
			defaultConfigurationName = Release;
		};
		49F90C232A52156200F06D93 /* Build configuration list for PBXProject "Universal" */ = {
			isa = XCConfigurationList;
			buildConfigurations = (
				49F90C4B2A52156300F06D93 /* Debug */,
				49F90C4C2A52156300F06D93 /* Release */,
				491FCC8E2AD18D38002FB1E1 /* Skippy */,
			);
			defaultConfigurationIsVisible = 0;
			defaultConfigurationName = Release;
		};
/* End XCConfigurationList section */

/* Begin XCSwiftPackageProductDependency section */
		49231BAB2AC5BCEF00F98ADF /* UniversalApp */ = {
			isa = XCSwiftPackageProductDependency;
			productName = UniversalApp;
		};
/* End XCSwiftPackageProductDependency section */
	};
	rootObject = 49F90C202A52156200F06D93 /* Project object */;
}
